
Microsoft Visual Studio Solution File, Format Version 12.00
# Visual Studio Version 16
VisualStudioVersion = 16.0.31313.79
MinimumVisualStudioVersion = 10.0.40219.1
Project("{9A19103F-16F7-4668-BE54-9A1E7A4F7556}") = "ComprehendTutorial", "ComprehendTutorial.csproj", "{B16B7A63-2358-4C17-B699-63C1FD22DBA1}"
EndProject
Global
	GlobalSection(SolutionConfigurationPlatforms) = preSolution
		Debug|Any CPU = Debug|Any CPU
		Release|Any CPU = Release|Any CPU
	EndGlobalSection
	GlobalSection(ProjectConfigurationPlatforms) = postSolution
		{B16B7A63-2358-4C17-B699-63C1FD22DBA1}.Debug|Any CPU.ActiveCfg = Debug|Any CPU
		{B16B7A63-2358-4C17-B699-63C1FD22DBA1}.Debug|Any CPU.Build.0 = Debug|Any CPU
		{B16B7A63-2358-4C17-B699-63C1FD22DBA1}.Release|Any CPU.ActiveCfg = Release|Any CPU
		{B16B7A63-2358-4C17-B699-63C1FD22DBA1}.Release|Any CPU.Build.0 = Release|Any CPU
	EndGlobalSection
	GlobalSection(SolutionProperties) = preSolution
		HideSolutionNode = FALSE
	EndGlobalSection
	GlobalSection(ExtensibilityGlobals) = postSolution
		SolutionGuid = {590C7322-F8A2-4DCB-8A1F-8E56AA0EAA2E}
	EndGlobalSection
EndGlobal
